
Microsoft Visual Studio Solution File, Format Version 12.00
# Visual Studio 15
VisualStudioVersion = 15.0.26430.13
MinimumVisualStudioVersion = 10.0.40219.1
Project("{FAE04EC0-301F-11D3-BF4B-00C04F79EFBC}") = "Creationals_AbstractFactory", "Creationals_AbstractFactory\Creationals_AbstractFactory.csproj", "{B9C583BD-AE9A-423C-B312-912E1218F6E6}"
EndProject
Project("{FAE04EC0-301F-11D3-BF4B-00C04F79EFBC}") = "Creationals_Singleton", "Creationals_Singleton\Creationals_Singleton.csproj", "{44995AAB-C292-4645-8BC0-10118AD6B2D2}"
EndProject
Project("{FAE04EC0-301F-11D3-BF4B-00C04F79EFBC}") = "Creationals_FactoryMethod", "Creationals_FactoryMethod\Creationals_FactoryMethod.csproj", "{8149EFC7-5B11-4B06-BA1B-2E6E7471B301}"
EndProject
Project("{FAE04EC0-301F-11D3-BF4B-00C04F79EFBC}") = "Creationals_Builder", "Creationals_Builder\Creationals_Builder.csproj", "{A7BD3C79-D69B-43D7-B50F-19CE922B5A7C}"
EndProject
Project("{FAE04EC0-301F-11D3-BF4B-00C04F79EFBC}") = "Creationals_Prototype", "Creationals_Prototype\Creationals_Prototype.csproj", "{8B1D57CF-A45E-40C5-BD93-C304FB408C55}"
EndProject
Project("{FAE04EC0-301F-11D3-BF4B-00C04F79EFBC}") = "Structurals_Adapter", "Structurals_Adapter\Structurals_Adapter.csproj", "{A703AE53-0362-4A90-B941-586B72396BF8}"
EndProject
Global
	GlobalSection(SolutionConfigurationPlatforms) = preSolution
		Debug|Any CPU = Debug|Any CPU
		Release|Any CPU = Release|Any CPU
	EndGlobalSection
	GlobalSection(ProjectConfigurationPlatforms) = postSolution
		{B9C583BD-AE9A-423C-B312-912E1218F6E6}.Debug|Any CPU.ActiveCfg = Debug|Any CPU
		{B9C583BD-AE9A-423C-B312-912E1218F6E6}.Debug|Any CPU.Build.0 = Debug|Any CPU
		{B9C583BD-AE9A-423C-B312-912E1218F6E6}.Release|Any CPU.ActiveCfg = Release|Any CPU
		{B9C583BD-AE9A-423C-B312-912E1218F6E6}.Release|Any CPU.Build.0 = Release|Any CPU
		{44995AAB-C292-4645-8BC0-10118AD6B2D2}.Debug|Any CPU.ActiveCfg = Debug|Any CPU
		{44995AAB-C292-4645-8BC0-10118AD6B2D2}.Debug|Any CPU.Build.0 = Debug|Any CPU
		{44995AAB-C292-4645-8BC0-10118AD6B2D2}.Release|Any CPU.ActiveCfg = Release|Any CPU
		{44995AAB-C292-4645-8BC0-10118AD6B2D2}.Release|Any CPU.Build.0 = Release|Any CPU
		{8149EFC7-5B11-4B06-BA1B-2E6E7471B301}.Debug|Any CPU.ActiveCfg = Debug|Any CPU
		{8149EFC7-5B11-4B06-BA1B-2E6E7471B301}.Debug|Any CPU.Build.0 = Debug|Any CPU
		{8149EFC7-5B11-4B06-BA1B-2E6E7471B301}.Release|Any CPU.ActiveCfg = Release|Any CPU
		{8149EFC7-5B11-4B06-BA1B-2E6E7471B301}.Release|Any CPU.Build.0 = Release|Any CPU
		{A7BD3C79-D69B-43D7-B50F-19CE922B5A7C}.Debug|Any CPU.ActiveCfg = Debug|Any CPU
		{A7BD3C79-D69B-43D7-B50F-19CE922B5A7C}.Debug|Any CPU.Build.0 = Debug|Any CPU
		{A7BD3C79-D69B-43D7-B50F-19CE922B5A7C}.Release|Any CPU.ActiveCfg = Release|Any CPU
		{A7BD3C79-D69B-43D7-B50F-19CE922B5A7C}.Release|Any CPU.Build.0 = Release|Any CPU
		{8B1D57CF-A45E-40C5-BD93-C304FB408C55}.Debug|Any CPU.ActiveCfg = Debug|Any CPU
		{8B1D57CF-A45E-40C5-BD93-C304FB408C55}.Debug|Any CPU.Build.0 = Debug|Any CPU
		{8B1D57CF-A45E-40C5-BD93-C304FB408C55}.Release|Any CPU.ActiveCfg = Release|Any CPU
		{8B1D57CF-A45E-40C5-BD93-C304FB408C55}.Release|Any CPU.Build.0 = Release|Any CPU
		{A703AE53-0362-4A90-B941-586B72396BF8}.Debug|Any CPU.ActiveCfg = Debug|Any CPU
		{A703AE53-0362-4A90-B941-586B72396BF8}.Debug|Any CPU.Build.0 = Debug|Any CPU
		{A703AE53-0362-4A90-B941-586B72396BF8}.Release|Any CPU.ActiveCfg = Release|Any CPU
		{A703AE53-0362-4A90-B941-586B72396BF8}.Release|Any CPU.Build.0 = Release|Any CPU
	EndGlobalSection
	GlobalSection(SolutionProperties) = preSolution
		HideSolutionNode = FALSE
	EndGlobalSection
EndGlobal
